{
  "version": 4,
  "terraform_version": "1.3.6",
  "serial": 3,
  "lineage": "5ba4acd1-552d-4891-3214-9cc80b176614",
  "outputs": {
    "arn": {
      "value": "arn:aws:sqs:us-east-1:952920078033:test-queue",
      "type": "string"
    },
    "id": {
      "value": "https://sqs.us-east-1.amazonaws.com/952920078033/test-queue",
      "type": "string"
    }
  },
  "resources": [
    {
      "mode": "managed",
      "type": "aws_sqs_queue",
      "name": "dlq_main",
      "provider": "provider[\"registry.terraform.io/hashicorp/aws\"]",
      "instances": [
        {
          "index_key": 0,
          "schema_version": 0,
          "attributes": {
            "arn": "arn:aws:sqs:us-east-1:952920078033:test-dlqueue",
            "content_based_deduplication": false,
            "deduplication_scope": "",
            "delay_seconds": 0,
            "fifo_queue": false,
            "fifo_throughput_limit": "",
            "id": "https://sqs.us-east-1.amazonaws.com/952920078033/test-dlqueue",
            "kms_data_key_reuse_period_seconds": 300,
            "kms_master_key_id": "",
            "max_message_size": 262144,
            "message_retention_seconds": 345600,
            "name": "test-dlqueue",
            "name_prefix": "",
            "policy": "",
            "receive_wait_time_seconds": 0,
            "redrive_allow_policy": "",
            "redrive_policy": "",
            "sqs_managed_sse_enabled": true,
            "tags": {
              "env": "",
              "owner": "",
              "product": "",
              "team": ""
            },
            "tags_all": {
              "env": "",
              "owner": "",
              "product": "",
              "team": ""
            },
            "url": "https://sqs.us-east-1.amazonaws.com/952920078033/test-dlqueue",
            "visibility_timeout_seconds": 30
          },
          "sensitive_attributes": [
            [
              {
                "type": "get_attr",
                "value": "policy"
              }
            ],
            [
              {
                "type": "get_attr",
                "value": "kms_master_key_id"
              }
            ]
          ],
          "private": "bnVsbA=="
        }
      ]
    },
    {
      "mode": "managed",
      "type": "aws_sqs_queue",
      "name": "main",
      "provider": "provider[\"registry.terraform.io/hashicorp/aws\"]",
      "instances": [
        {
          "schema_version": 0,
          "attributes": {
            "arn": "arn:aws:sqs:us-east-1:952920078033:test-queue",
            "content_based_deduplication": false,
            "deduplication_scope": "",
            "delay_seconds": 0,
            "fifo_queue": false,
            "fifo_throughput_limit": "",
            "id": "https://sqs.us-east-1.amazonaws.com/952920078033/test-queue",
            "kms_data_key_reuse_period_seconds": 300,
            "kms_master_key_id": "",
            "max_message_size": 262144,
            "message_retention_seconds": 345600,
            "name": "test-queue",
            "name_prefix": "",
            "policy": "",
            "receive_wait_time_seconds": 0,
            "redrive_allow_policy": "",
            "redrive_policy": "{\"deadLetterTargetArn\":\"arn:aws:sqs:us-east-1:952920078033:test-dlqueue\",\"maxReceiveCount\":4}",
            "sqs_managed_sse_enabled": true,
            "tags": {
              "env": "",
              "owner": "",
              "product": "",
              "team": ""
            },
            "tags_all": {
              "env": "",
              "owner": "",
              "product": "",
              "team": ""
            },
            "url": "https://sqs.us-east-1.amazonaws.com/952920078033/test-queue",
            "visibility_timeout_seconds": 30
          },
          "sensitive_attributes": [
            [
              {
                "type": "get_attr",
                "value": "policy"
              }
            ],
            [
              {
                "type": "get_attr",
                "value": "kms_master_key_id"
              }
            ]
          ],
          "private": "bnVsbA==",
          "dependencies": [
            "aws_sqs_queue.dlq_main"
          ]
        }
      ]
    }
  ],
  "check_results": null
}
